
Microsoft Visual Studio Solution File, Format Version 12.00
# Visual Studio Version 16
VisualStudioVersion = 16.0.31019.35
MinimumVisualStudioVersion = 10.0.40219.1
Project("{9A19103F-16F7-4668-BE54-9A1E7A4F7556}") = "gaming full stack website", "gaming full stack website\gaming full stack website.csproj", "{BE0A1B9D-7193-4DBA-9CFC-30FB788E36CF}"
EndProject
Global
	GlobalSection(SolutionConfigurationPlatforms) = preSolution
		Debug|Any CPU = Debug|Any CPU
		Release|Any CPU = Release|Any CPU
	EndGlobalSection
	GlobalSection(ProjectConfigurationPlatforms) = postSolution
		{BE0A1B9D-7193-4DBA-9CFC-30FB788E36CF}.Debug|Any CPU.ActiveCfg = Debug|Any CPU
		{BE0A1B9D-7193-4DBA-9CFC-30FB788E36CF}.Debug|Any CPU.Build.0 = Debug|Any CPU
		{BE0A1B9D-7193-4DBA-9CFC-30FB788E36CF}.Release|Any CPU.ActiveCfg = Release|Any CPU
		{BE0A1B9D-7193-4DBA-9CFC-30FB788E36CF}.Release|Any CPU.Build.0 = Release|Any CPU
	EndGlobalSection
	GlobalSection(SolutionProperties) = preSolution
		HideSolutionNode = FALSE
	EndGlobalSection
	GlobalSection(ExtensibilityGlobals) = postSolution
		SolutionGuid = {055B720C-0546-4F37-ACB4-B5B873B0471D}
	EndGlobalSection
EndGlobal
